// !$*UTF8*$!
{
	archiveVersion = 1;
	classes = {
	};
	objectVersion = 46;
	objects = {

/* Begin PBXBuildFile section */
		34ACA3B71E59BA570063D6C7 /* AppDelegate.swift in Sources */ = {isa = PBXBuildFile; fileRef = 34ACA3B61E59BA570063D6C7 /* AppDelegate.swift */; };
		34ACA3B91E59BA570063D6C7 /* ViewController.swift in Sources */ = {isa = PBXBuildFile; fileRef = 34ACA3B81E59BA570063D6C7 /* ViewController.swift */; };
		34ACA3BC1E59BA570063D6C7 /* Main.storyboard in Resources */ = {isa = PBXBuildFile; fileRef = 34ACA3BA1E59BA570063D6C7 /* Main.storyboard */; };
		34ACA3BE1E59BA570063D6C7 /* Assets.xcassets in Resources */ = {isa = PBXBuildFile; fileRef = 34ACA3BD1E59BA570063D6C7 /* Assets.xcassets */; };
		34ACA3C11E59BA570063D6C7 /* LaunchScreen.storyboard in Resources */ = {isa = PBXBuildFile; fileRef = 34ACA3BF1E59BA570063D6C7 /* LaunchScreen.storyboard */; };
		34ACA3CC1E59BA570063D6C7 /* RotationDemoTests.swift in Sources */ = {isa = PBXBuildFile; fileRef = 34ACA3CB1E59BA570063D6C7 /* RotationDemoTests.swift */; };
		34ACA3D71E59BA570063D6C7 /* RotationDemoUITests.swift in Sources */ = {isa = PBXBuildFile; fileRef = 34ACA3D61E59BA570063D6C7 /* RotationDemoUITests.swift */; };
/* End PBXBuildFile section */

/* Begin PBXContainerItemProxy section */
		34ACA3C81E59BA570063D6C7 /* PBXContainerItemProxy */ = {
			isa = PBXContainerItemProxy;
			containerPortal = 34ACA3AB1E59BA560063D6C7 /* Project object */;
			proxyType = 1;
			remoteGlobalIDString = 34ACA3B21E59BA560063D6C7;
			remoteInfo = RotationDemo;
		};
		34ACA3D31E59BA570063D6C7 /* PBXContainerItemProxy */ = {
			isa = PBXContainerItemProxy;
			containerPortal = 34ACA3AB1E59BA560063D6C7 /* Project object */;
			proxyType = 1;
			remoteGlobalIDString = 34ACA3B21E59BA560063D6C7;
			remoteInfo = RotationDemo;
		};
/* End PBXContainerItemProxy section */

/* Begin PBXFileReference section */
		34ACA3B31E59BA560063D6C7 /* RotationDemo.app */ = {isa = PBXFileReference; explicitFileType = wrapper.application; includeInIndex = 0; path = RotationDemo.app; sourceTree = BUILT_PRODUCTS_DIR; };
		34ACA3B61E59BA570063D6C7 /* AppDelegate.swift */ = {isa = PBXFileReference; lastKnownFileType = sourcecode.swift; path = AppDelegate.swift; sourceTree = "<group>"; };
		34ACA3B81E59BA570063D6C7 /* ViewController.swift */ = {isa = PBXFileReference; lastKnownFileType = sourcecode.swift; path = ViewController.swift; sourceTree = "<group>"; };
		34ACA3BB1E59BA570063D6C7 /* Base */ = {isa = PBXFileReference; lastKnownFileType = file.storyboard; name = Base; path = Base.lproj/Main.storyboard; sourceTree = "<group>"; };
		34ACA3BD1E59BA570063D6C7 /* Assets.xcassets */ = {isa = PBXFileReference; lastKnownFileType = folder.assetcatalog; path = Assets.xcassets; sourceTree = "<group>"; };
		34ACA3C01E59BA570063D6C7 /* Base */ = {isa = PBXFileReference; lastKnownFileType = file.storyboard; name = Base; path = Base.lproj/LaunchScreen.storyboard; sourceTree = "<group>"; };
		34ACA3C21E59BA570063D6C7 /* Info.plist */ = {isa = PBXFileReference; lastKnownFileType = text.plist.xml; path = Info.plist; sourceTree = "<group>"; };
		34ACA3C71E59BA570063D6C7 /* RotationDemoTests.xctest */ = {isa = PBXFileReference; explicitFileType = wrapper.cfbundle; includeInIndex = 0; path = RotationDemoTests.xctest; sourceTree = BUILT_PRODUCTS_DIR; };
		34ACA3CB1E59BA570063D6C7 /* RotationDemoTests.swift */ = {isa = PBXFileReference; lastKnownFileType = sourcecode.swift; path = RotationDemoTests.swift; sourceTree = "<group>"; };
		34ACA3CD1E59BA570063D6C7 /* Info.plist */ = {isa = PBXFileReference; lastKnownFileType = text.plist.xml; path = Info.plist; sourceTree = "<group>"; };
		34ACA3D21E59BA570063D6C7 /* RotationDemoUITests.xctest */ = {isa = PBXFileReference; explicitFileType = wrapper.cfbundle; includeInIndex = 0; path = RotationDemoUITests.xctest; sourceTree = BUILT_PRODUCTS_DIR; };
		34ACA3D61E59BA570063D6C7 /* RotationDemoUITests.swift */ = {isa = PBXFileReference; lastKnownFileType = sourcecode.swift; path = RotationDemoUITests.swift; sourceTree = "<group>"; };
		34ACA3D81E59BA570063D6C7 /* Info.plist */ = {isa = PBXFileReference; lastKnownFileType = text.plist.xml; path = Info.plist; sourceTree = "<group>"; };
/* End PBXFileReference section */

/* Begin PBXFrameworksBuildPhase section */
		34ACA3B01E59BA560063D6C7 /* Frameworks */ = {
			isa = PBXFrameworksBuildPhase;
			buildActionMask = 2147483647;
			files = (
			);
			runOnlyForDeploymentPostprocessing = 0;
		};
		34ACA3C41E59BA570063D6C7 /* Frameworks */ = {
			isa = PBXFrameworksBuildPhase;
			buildActionMask = 2147483647;
			files = (
			);
			runOnlyForDeploymentPostprocessing = 0;
		};
		34ACA3CF1E59BA570063D6C7 /* Frameworks */ = {
			isa = PBXFrameworksBuildPhase;
			buildActionMask = 2147483647;
			files = (
			);
			runOnlyForDeploymentPostprocessing = 0;
		};
/* End PBXFrameworksBuildPhase section */

/* Begin PBXGroup section */
		34ACA3AA1E59BA560063D6C7 = {
			isa = PBXGroup;
			children = (
				34ACA3B51E59BA560063D6C7 /* RotationDemo */,
				34ACA3CA1E59BA570063D6C7 /* RotationDemoTests */,
				34ACA3D51E59BA570063D6C7 /* RotationDemoUITests */,
				34ACA3B41E59BA560063D6C7 /* Products */,
			);
			sourceTree = "<group>";
		};
		34ACA3B41E59BA560063D6C7 /* Products */ = {
			isa = PBXGroup;
			children = (
				34ACA3B31E59BA560063D6C7 /* RotationDemo.app */,
				34ACA3C71E59BA570063D6C7 /* RotationDemoTests.xctest */,
				34ACA3D21E59BA570063D6C7 /* RotationDemoUITests.xctest */,
			);
			name = Products;
			sourceTree = "<group>";
		};
		34ACA3B51E59BA560063D6C7 /* RotationDemo */ = {
			isa = PBXGroup;
			children = (
				34ACA3B61E59BA570063D6C7 /* AppDelegate.swift */,
				34ACA3B81E59BA570063D6C7 /* ViewController.swift */,
				34ACA3BA1E59BA570063D6C7 /* Main.storyboard */,
				34ACA3BD1E59BA570063D6C7 /* Assets.xcassets */,
				34ACA3BF1E59BA570063D6C7 /* LaunchScreen.storyboard */,
				34ACA3C21E59BA570063D6C7 /* Info.plist */,
			);
			path = RotationDemo;
			sourceTree = "<group>";
		};
		34ACA3CA1E59BA570063D6C7 /* RotationDemoTests */ = {
			isa = PBXGroup;
			children = (
				34ACA3CB1E59BA570063D6C7 /* RotationDemoTests.swift */,
				34ACA3CD1E59BA570063D6C7 /* Info.plist */,
			);
			path = RotationDemoTests;
			sourceTree = "<group>";
		};
		34ACA3D51E59BA570063D6C7 /* RotationDemoUITests */ = {
			isa = PBXGroup;
			children = (
				34ACA3D61E59BA570063D6C7 /* RotationDemoUITests.swift */,
				34ACA3D81E59BA570063D6C7 /* Info.plist */,
			);
			path = RotationDemoUITests;
			sourceTree = "<group>";
		};
/* End PBXGroup section */

/* Begin PBXNativeTarget section */
		34ACA3B21E59BA560063D6C7 /* RotationDemo */ = {
			isa = PBXNativeTarget;
			buildConfigurationList = 34ACA3DB1E59BA570063D6C7 /* Build configuration list for PBXNativeTarget "RotationDemo" */;
			buildPhases = (
				34ACA3AF1E59BA560063D6C7 /* Sources */,
				34ACA3B01E59BA560063D6C7 /* Frameworks */,
				34ACA3B11E59BA560063D6C7 /* Resources */,
			);
			buildRules = (
			);
			dependencies = (
			);
			name = RotationDemo;
			productName = RotationDemo;
			productReference = 34ACA3B31E59BA560063D6C7 /* RotationDemo.app */;
			productType = "com.apple.product-type.application";
		};
		34ACA3C61E59BA570063D6C7 /* RotationDemoTests */ = {
			isa = PBXNativeTarget;
			buildConfigurationList = 34ACA3DE1E59BA570063D6C7 /* Build configuration list for PBXNativeTarget "RotationDemoTests" */;
			buildPhases = (
				34ACA3C31E59BA570063D6C7 /* Sources */,
				34ACA3C41E59BA570063D6C7 /* Frameworks */,
				34ACA3C51E59BA570063D6C7 /* Resources */,
			);
			buildRules = (
			);
			dependencies = (
				34ACA3C91E59BA570063D6C7 /* PBXTargetDependency */,
			);
			name = RotationDemoTests;
			productName = RotationDemoTests;
			productReference = 34ACA3C71E59BA570063D6C7 /* RotationDemoTests.xctest */;
			productType = "com.apple.product-type.bundle.unit-test";
		};
		34ACA3D11E59BA570063D6C7 /* RotationDemoUITests */ = {
			isa = PBXNativeTarget;
			buildConfigurationList = 34ACA3E11E59BA570063D6C7 /* Build configuration list for PBXNativeTarget "RotationDemoUITests" */;
			buildPhases = (
				34ACA3CE1E59BA570063D6C7 /* Sources */,
				34ACA3CF1E59BA570063D6C7 /* Frameworks */,
				34ACA3D01E59BA570063D6C7 /* Resources */,
			);
			buildRules = (
			);
			dependencies = (
				34ACA3D41E59BA570063D6C7 /* PBXTargetDependency */,
			);
			name = RotationDemoUITests;
			productName = RotationDemoUITests;
			productReference = 34ACA3D21E59BA570063D6C7 /* RotationDemoUITests.xctest */;
			productType = "com.apple.product-type.bundle.ui-testing";
		};
/* End PBXNativeTarget section */

/* Begin PBXProject section */
		34ACA3AB1E59BA560063D6C7 /* Project object */ = {
			isa = PBXProject;
			attributes = {
				LastSwiftUpdateCheck = 0820;
				LastUpgradeCheck = 0820;
				ORGANIZATIONNAME = "Kersten Broich";
				TargetAttributes = {
					34ACA3B21E59BA560063D6C7 = {
						CreatedOnToolsVersion = 8.2.1;
						ProvisioningStyle = Automatic;
					};
					34ACA3C61E59BA570063D6C7 = {
						CreatedOnToolsVersion = 8.2.1;
						ProvisioningStyle = Automatic;
						TestTargetID = 34ACA3B21E59BA560063D6C7;
					};
					34ACA3D11E59BA570063D6C7 = {
						CreatedOnToolsVersion = 8.2.1;
						ProvisioningStyle = Automatic;
						TestTargetID = 34ACA3B21E59BA560063D6C7;
					};
				};
			};
			buildConfigurationList = 34ACA3AE1E59BA560063D6C7 /* Build configuration list for PBXProject "RotationDemo" */;
			compatibilityVersion = "Xcode 3.2";
			developmentRegion = English;
			hasScannedForEncodings = 0;
			knownRegions = (
				en,
				Base,
			);
			mainGroup = 34ACA3AA1E59BA560063D6C7;
			productRefGroup = 34ACA3B41E59BA560063D6C7 /* Products */;
			projectDirPath = "";
			projectRoot = "";
			targets = (
				34ACA3B21E59BA560063D6C7 /* RotationDemo */,
				34ACA3C61E59BA570063D6C7 /* RotationDemoTests */,
				34ACA3D11E59BA570063D6C7 /* RotationDemoUITests */,
			);
		};
/* End PBXProject section */

/* Begin PBXResourcesBuildPhase section */
		34ACA3B11E59BA560063D6C7 /* Resources */ = {
			isa = PBXResourcesBuildPhase;
			buildActionMask = 2147483647;
			files = (
				34ACA3C11E59BA570063D6C7 /* LaunchScreen.storyboard in Resources */,
				34ACA3BE1E59BA570063D6C7 /* Assets.xcassets in Resources */,
				34ACA3BC1E59BA570063D6C7 /* Main.storyboard in Resources */,
			);
			runOnlyForDeploymentPostprocessing = 0;
		};
		34ACA3C51E59BA570063D6C7 /* Resources */ = {
			isa = PBXResourcesBuildPhase;
			buildActionMask = 2147483647;
			files = (
			);
			runOnlyForDeploymentPostprocessing = 0;
		};
		34ACA3D01E59BA570063D6C7 /* Resources */ = {
			isa = PBXResourcesBuildPhase;
			buildActionMask = 2147483647;
			files = (
			);
			runOnlyForDeploymentPostprocessing = 0;
		};
/* End PBXResourcesBuildPhase section */

/* Begin PBXSourcesBuildPhase section */
		34ACA3AF1E59BA560063D6C7 /* Sources */ = {
			isa = PBXSourcesBuildPhase;
			buildActionMask = 2147483647;
			files = (
				34ACA3B91E59BA570063D6C7 /* ViewController.swift in Sources */,
				34ACA3B71E59BA570063D6C7 /* AppDelegate.swift in Sources */,
			);
			runOnlyForDeploymentPostprocessing = 0;
		};
		34ACA3C31E59BA570063D6C7 /* Sources */ = {
			isa = PBXSourcesBuildPhase;
			buildActionMask = 2147483647;
			files = (
				34ACA3CC1E59BA570063D6C7 /* RotationDemoTests.swift in Sources */,
			);
			runOnlyForDeploymentPostprocessing = 0;
		};
		34ACA3CE1E59BA570063D6C7 /* Sources */ = {
			isa = PBXSourcesBuildPhase;
			buildActionMask = 2147483647;
			files = (
				34ACA3D71E59BA570063D6C7 /* RotationDemoUITests.swift in Sources */,
			);
			runOnlyForDeploymentPostprocessing = 0;
		};
/* End PBXSourcesBuildPhase section */

/* Begin PBXTargetDependency section */
		34ACA3C91E59BA570063D6C7 /* PBXTargetDependency */ = {
			isa = PBXTargetDependency;
			target = 34ACA3B21E59BA560063D6C7 /* RotationDemo */;
			targetProxy = 34ACA3C81E59BA570063D6C7 /* PBXContainerItemProxy */;
		};
		34ACA3D41E59BA570063D6C7 /* PBXTargetDependency */ = {
			isa = PBXTargetDependency;
			target = 34ACA3B21E59BA560063D6C7 /* RotationDemo */;
			targetProxy = 34ACA3D31E59BA570063D6C7 /* PBXContainerItemProxy */;
		};
/* End PBXTargetDependency section */

/* Begin PBXVariantGroup section */
		34ACA3BA1E59BA570063D6C7 /* Main.storyboard */ = {
			isa = PBXVariantGroup;
			children = (
				34ACA3BB1E59BA570063D6C7 /* Base */,
			);
			name = Main.storyboard;
			sourceTree = "<group>";
		};
		34ACA3BF1E59BA570063D6C7 /* LaunchScreen.storyboard */ = {
			isa = PBXVariantGroup;
			children = (
				34ACA3C01E59BA570063D6C7 /* Base */,
			);
			name = LaunchScreen.storyboard;
			sourceTree = "<group>";
		};
/* End PBXVariantGroup section */

/* Begin XCBuildConfiguration section */
		34ACA3D91E59BA570063D6C7 /* Debug */ = {
			isa = XCBuildConfiguration;
			buildSettings = {
				ALWAYS_SEARCH_USER_PATHS = NO;
				CLANG_ANALYZER_NONNULL = YES;
				CLANG_CXX_LANGUAGE_STANDARD = "gnu++0x";
				CLANG_CXX_LIBRARY = "libc++";
				CLANG_ENABLE_MODULES = YES;
				CLANG_ENABLE_OBJC_ARC = YES;
				CLANG_WARN_BOOL_CONVERSION = YES;
				CLANG_WARN_CONSTANT_CONVERSION = YES;
				CLANG_WARN_DIRECT_OBJC_ISA_USAGE = YES_ERROR;
				CLANG_WARN_DOCUMENTATION_COMMENTS = YES;
				CLANG_WARN_EMPTY_BODY = YES;
				CLANG_WARN_ENUM_CONVERSION = YES;
				CLANG_WARN_INFINITE_RECURSION = YES;
				CLANG_WARN_INT_CONVERSION = YES;
				CLANG_WARN_OBJC_ROOT_CLASS = YES_ERROR;
				CLANG_WARN_SUSPICIOUS_MOVE = YES;
				CLANG_WARN_UNREACHABLE_CODE = YES;
				CLANG_WARN__DUPLICATE_METHOD_MATCH = YES;
				"CODE_SIGN_IDENTITY[sdk=iphoneos*]" = "iPhone Developer";
				COPY_PHASE_STRIP = NO;
				DEBUG_INFORMATION_FORMAT = dwarf;
				ENABLE_STRICT_OBJC_MSGSEND = YES;
				ENABLE_TESTABILITY = YES;
				GCC_C_LANGUAGE_STANDARD = gnu99;
				GCC_DYNAMIC_NO_PIC = NO;
				GCC_NO_COMMON_BLOCKS = YES;
				GCC_OPTIMIZATION_LEVEL = 0;
				GCC_PREPROCESSOR_DEFINITIONS = (
					"DEBUG=1",
					"$(inherited)",
				);
				GCC_WARN_64_TO_32_BIT_CONVERSION = YES;
				GCC_WARN_ABOUT_RETURN_TYPE = YES_ERROR;
				GCC_WARN_UNDECLARED_SELECTOR = YES;
				GCC_WARN_UNINITIALIZED_AUTOS = YES_AGGRESSIVE;
				GCC_WARN_UNUSED_FUNCTION = YES;
				GCC_WARN_UNUSED_VARIABLE = YES;
				IPHONEOS_DEPLOYMENT_TARGET = 10.2;
				MTL_ENABLE_DEBUG_INFO = YES;
				ONLY_ACTIVE_ARCH = YES;
				SDKROOT = iphoneos;
				SWIFT_ACTIVE_COMPILATION_CONDITIONS = DEBUG;
				SWIFT_OPTIMIZATION_LEVEL = "-Onone";
				TARGETED_DEVICE_FAMILY = "1,2";
			};
			name = Debug;
		};
		34ACA3DA1E59BA570063D6C7 /* Release */ = {
			isa = XCBuildConfiguration;
			buildSettings = {
				ALWAYS_SEARCH_USER_PATHS = NO;
				CLANG_ANALYZER_NONNULL = YES;
				CLANG_CXX_LANGUAGE_STANDARD = "gnu++0x";
				CLANG_CXX_LIBRARY = "libc++";
				CLANG_ENABLE_MODULES = YES;
				CLANG_ENABLE_OBJC_ARC = YES;
				CLANG_WARN_BOOL_CONVERSION = YES;
				CLANG_WARN_CONSTANT_CONVERSION = YES;
				CLANG_WARN_DIRECT_OBJC_ISA_USAGE = YES_ERROR;
				CLANG_WARN_DOCUMENTATION_COMMENTS = YES;
				CLANG_WARN_EMPTY_BODY = YES;
				CLANG_WARN_ENUM_CONVERSION = YES;
				CLANG_WARN_INFINITE_RECURSION = YES;
				CLANG_WARN_INT_CONVERSION = YES;
				CLANG_WARN_OBJC_ROOT_CLASS = YES_ERROR;
				CLANG_WARN_SUSPICIOUS_MOVE = YES;
				CLANG_WARN_UNREACHABLE_CODE = YES;
				CLANG_WARN__DUPLICATE_METHOD_MATCH = YES;
				"CODE_SIGN_IDENTITY[sdk=iphoneos*]" = "iPhone Developer";
				COPY_PHASE_STRIP = NO;
				DEBUG_INFORMATION_FORMAT = "dwarf-with-dsym";
				ENABLE_NS_ASSERTIONS = NO;
				ENABLE_STRICT_OBJC_MSGSEND = YES;
				GCC_C_LANGUAGE_STANDARD = gnu99;
				GCC_NO_COMMON_BLOCKS = YES;
				GCC_WARN_64_TO_32_BIT_CONVERSION = YES;
				GCC_WARN_ABOUT_RETURN_TYPE = YES_ERROR;
				GCC_WARN_UNDECLARED_SELECTOR = YES;
				GCC_WARN_UNINITIALIZED_AUTOS = YES_AGGRESSIVE;
				GCC_WARN_UNUSED_FUNCTION = YES;
				GCC_WARN_UNUSED_VARIABLE = YES;
				IPHONEOS_DEPLOYMENT_TARGET = 10.2;
				MTL_ENABLE_DEBUG_INFO = NO;
				SDKROOT = iphoneos;
				SWIFT_OPTIMIZATION_LEVEL = "-Owholemodule";
				TARGETED_DEVICE_FAMILY = "1,2";
				VALIDATE_PRODUCT = YES;
			};
			name = Release;
		};
		34ACA3DC1E59BA570063D6C7 /* Debug */ = {
			isa = XCBuildConfiguration;
			buildSettings = {
				ASSETCATALOG_COMPILER_APPICON_NAME = AppIcon;
				INFOPLIST_FILE = RotationDemo/Info.plist;
				LD_RUNPATH_SEARCH_PATHS = "$(inherited) @executable_path/Frameworks";
				PRODUCT_BUNDLE_IDENTIFIER = "com.kersten-broich.RotationDemo";
				PRODUCT_NAME = "$(TARGET_NAME)";
				SWIFT_VERSION = 3.0;
			};
			name = Debug;
		};
		34ACA3DD1E59BA570063D6C7 /* Release */ = {
			isa = XCBuildConfiguration;
			buildSettings = {
				ASSETCATALOG_COMPILER_APPICON_NAME = AppIcon;
				INFOPLIST_FILE = RotationDemo/Info.plist;
				LD_RUNPATH_SEARCH_PATHS = "$(inherited) @executable_path/Frameworks";
				PRODUCT_BUNDLE_IDENTIFIER = "com.kersten-broich.RotationDemo";
				PRODUCT_NAME = "$(TARGET_NAME)";
				SWIFT_VERSION = 3.0;
			};
			name = Release;
		};
		34ACA3DF1E59BA570063D6C7 /* Debug */ = {
			isa = XCBuildConfiguration;
			buildSettings = {
				ALWAYS_EMBED_SWIFT_STANDARD_LIBRARIES = YES;
				BUNDLE_LOADER = "$(TEST_HOST)";
				INFOPLIST_FILE = RotationDemoTests/Info.plist;
				LD_RUNPATH_SEARCH_PATHS = "$(inherited) @executable_path/Frameworks @loader_path/Frameworks";
				PRODUCT_BUNDLE_IDENTIFIER = "com.kersten-broich.RotationDemoTests";
				PRODUCT_NAME = "$(TARGET_NAME)";
				SWIFT_VERSION = 3.0;
				TEST_HOST = "$(BUILT_PRODUCTS_DIR)/RotationDemo.app/RotationDemo";
			};
			name = Debug;
		};
		34ACA3E01E59BA570063D6C7 /* Release */ = {
			isa = XCBuildConfiguration;
			buildSettings = {
				ALWAYS_EMBED_SWIFT_STANDARD_LIBRARIES = YES;
				BUNDLE_LOADER = "$(TEST_HOST)";
				INFOPLIST_FILE = RotationDemoTests/Info.plist;
				LD_RUNPATH_SEARCH_PATHS = "$(inherited) @executable_path/Frameworks @loader_path/Frameworks";
				PRODUCT_BUNDLE_IDENTIFIER = "com.kersten-broich.RotationDemoTests";
				PRODUCT_NAME = "$(TARGET_NAME)";
				SWIFT_VERSION = 3.0;
				TEST_HOST = "$(BUILT_PRODUCTS_DIR)/RotationDemo.app/RotationDemo";
			};
			name = Release;
		};
		34ACA3E21E59BA570063D6C7 /* Debug */ = {
			isa = XCBuildConfiguration;
			buildSettings = {
				ALWAYS_EMBED_SWIFT_STANDARD_LIBRARIES = YES;
				INFOPLIST_FILE = RotationDemoUITests/Info.plist;
				LD_RUNPATH_SEARCH_PATHS = "$(inherited) @executable_path/Frameworks @loader_path/Frameworks";
				PRODUCT_BUNDLE_IDENTIFIER = "com.kersten-broich.RotationDemoUITests";
				PRODUCT_NAME = "$(TARGET_NAME)";
				SWIFT_VERSION = 3.0;
				TEST_TARGET_NAME = RotationDemo;
			};
			name = Debug;
		};
		34ACA3E31E59BA570063D6C7 /* Release */ = {
			isa = XCBuildConfiguration;
			buildSettings = {
				ALWAYS_EMBED_SWIFT_STANDARD_LIBRARIES = YES;
				INFOPLIST_FILE = RotationDemoUITests/Info.plist;
				LD_RUNPATH_SEARCH_PATHS = "$(inherited) @executable_path/Frameworks @loader_path/Frameworks";
				PRODUCT_BUNDLE_IDENTIFIER = "com.kersten-broich.RotationDemoUITests";
				PRODUCT_NAME = "$(TARGET_NAME)";
				SWIFT_VERSION = 3.0;
				TEST_TARGET_NAME = RotationDemo;
			};
			name = Release;
		};
/* End XCBuildConfiguration section */

/* Begin XCConfigurationList section */
		34ACA3AE1E59BA560063D6C7 /* Build configuration list for PBXProject "RotationDemo" */ = {
			isa = XCConfigurationList;
			buildConfigurations = (
				34ACA3D91E59BA570063D6C7 /* Debug */,
				34ACA3DA1E59BA570063D6C7 /* Release */,
			);
			defaultConfigurationIsVisible = 0;
			defaultConfigurationName = Release;
		};
		34ACA3DB1E59BA570063D6C7 /* Build configuration list for PBXNativeTarget "RotationDemo" */ = {
			isa = XCConfigurationList;
			buildConfigurations = (
				34ACA3DC1E59BA570063D6C7 /* Debug */,
				34ACA3DD1E59BA570063D6C7 /* Release */,
			);
			defaultConfigurationIsVisible = 0;
		};
		34ACA3DE1E59BA570063D6C7 /* Build configuration list for PBXNativeTarget "RotationDemoTests" */ = {
			isa = XCConfigurationList;
			buildConfigurations = (
				34ACA3DF1E59BA570063D6C7 /* Debug */,
				34ACA3E01E59BA570063D6C7 /* Release */,
			);
			defaultConfigurationIsVisible = 0;
		};
		34ACA3E11E59BA570063D6C7 /* Build configuration list for PBXNativeTarget "RotationDemoUITests" */ = {
			isa = XCConfigurationList;
			buildConfigurations = (
				34ACA3E21E59BA570063D6C7 /* Debug */,
				34ACA3E31E59BA570063D6C7 /* Release */,
			);
			defaultConfigurationIsVisible = 0;
		};
/* End XCConfigurationList section */
	};
	rootObject = 34ACA3AB1E59BA560063D6C7 /* Project object */;
}
